
Microsoft Visual Studio Solution File, Format Version 12.00
# Visual Studio Version 16
VisualStudioVersion = 16.0.29306.81
MinimumVisualStudioVersion = 10.0.40219.1
Project("{FAE04EC0-301F-11D3-BF4B-00C04F79EFBC}") = "uiCSB", "uiCSB\uiCSB.csproj", "{3AA38F95-836E-456B-AC6D-856F88516056}"
EndProject
Project("{FAE04EC0-301F-11D3-BF4B-00C04F79EFBC}") = "ETHERCHAIN_COMMON", "ETHERCHAIN_COMMON\ETHERCHAIN_COMMON.csproj", "{B4AF4BAD-0F10-4F56-85BE-6F19A0D9ABB0}"
EndProject
Project("{FAE04EC0-301F-11D3-BF4B-00C04F79EFBC}") = "ETHERCHAIN_INSTALLER", "ETHERCHAIN_INSTALLER\ETHERCHAIN_INSTALLER.csproj", "{9ED78FC9-B778-4942-A250-AABCD628FF84}"
EndProject
Project("{FAE04EC0-301F-11D3-BF4B-00C04F79EFBC}") = "SQLMASTER", "SQLMASTER\SQLMASTER.csproj", "{888AC877-43D7-4A2F-A1EF-255C3E215CD0}"
EndProject
Project("{FAE04EC0-301F-11D3-BF4B-00C04F79EFBC}") = "UTIL", "UTIL\UTIL.csproj", "{BB367A8C-06B0-4F5A-A8A4-A407310A5EDE}"
EndProject
Project("{FAE04EC0-301F-11D3-BF4B-00C04F79EFBC}") = "ETHERCHAIN_DESKTOP", "ETHERCHAIN_DESKTOP\ETHERCHAIN_DESKTOP.csproj", "{9938C04A-99E0-4EB8-A56F-0B4D35C6964C}"
EndProject
Project("{FAE04EC0-301F-11D3-BF4B-00C04F79EFBC}") = "ETHERCHAIN_SOCKET", "ETHERCHAIN_SOCKET\ETHERCHAIN_SOCKET.csproj", "{A53C3A0E-07A0-4215-AD4B-F64D45EC7457}"
EndProject
Global
	GlobalSection(SolutionConfigurationPlatforms) = preSolution
		Debug|Any CPU = Debug|Any CPU
		Debug|x64 = Debug|x64
		Debug|x86 = Debug|x86
		Release|Any CPU = Release|Any CPU
		Release|x64 = Release|x64
		Release|x86 = Release|x86
	EndGlobalSection
	GlobalSection(ProjectConfigurationPlatforms) = postSolution
		{3AA38F95-836E-456B-AC6D-856F88516056}.Debug|Any CPU.ActiveCfg = Debug|Any CPU
		{3AA38F95-836E-456B-AC6D-856F88516056}.Debug|Any CPU.Build.0 = Debug|Any CPU
		{3AA38F95-836E-456B-AC6D-856F88516056}.Debug|x64.ActiveCfg = Debug|x64
		{3AA38F95-836E-456B-AC6D-856F88516056}.Debug|x64.Build.0 = Debug|x64
		{3AA38F95-836E-456B-AC6D-856F88516056}.Debug|x86.ActiveCfg = Debug|Any CPU
		{3AA38F95-836E-456B-AC6D-856F88516056}.Debug|x86.Build.0 = Debug|Any CPU
		{3AA38F95-836E-456B-AC6D-856F88516056}.Release|Any CPU.ActiveCfg = Release|Any CPU
		{3AA38F95-836E-456B-AC6D-856F88516056}.Release|Any CPU.Build.0 = Release|Any CPU
		{3AA38F95-836E-456B-AC6D-856F88516056}.Release|x64.ActiveCfg = Release|x64
		{3AA38F95-836E-456B-AC6D-856F88516056}.Release|x64.Build.0 = Release|x64
		{3AA38F95-836E-456B-AC6D-856F88516056}.Release|x86.ActiveCfg = Release|Any CPU
		{3AA38F95-836E-456B-AC6D-856F88516056}.Release|x86.Build.0 = Release|Any CPU
		{B4AF4BAD-0F10-4F56-85BE-6F19A0D9ABB0}.Debug|Any CPU.ActiveCfg = Debug|Any CPU
		{B4AF4BAD-0F10-4F56-85BE-6F19A0D9ABB0}.Debug|Any CPU.Build.0 = Debug|Any CPU
		{B4AF4BAD-0F10-4F56-85BE-6F19A0D9ABB0}.Debug|x64.ActiveCfg = Debug|Any CPU
		{B4AF4BAD-0F10-4F56-85BE-6F19A0D9ABB0}.Debug|x64.Build.0 = Debug|Any CPU
		{B4AF4BAD-0F10-4F56-85BE-6F19A0D9ABB0}.Debug|x86.ActiveCfg = Debug|Any CPU
		{B4AF4BAD-0F10-4F56-85BE-6F19A0D9ABB0}.Debug|x86.Build.0 = Debug|Any CPU
		{B4AF4BAD-0F10-4F56-85BE-6F19A0D9ABB0}.Release|Any CPU.ActiveCfg = Release|Any CPU
		{B4AF4BAD-0F10-4F56-85BE-6F19A0D9ABB0}.Release|Any CPU.Build.0 = Release|Any CPU
		{B4AF4BAD-0F10-4F56-85BE-6F19A0D9ABB0}.Release|x64.ActiveCfg = Release|Any CPU
		{B4AF4BAD-0F10-4F56-85BE-6F19A0D9ABB0}.Release|x64.Build.0 = Release|Any CPU
		{B4AF4BAD-0F10-4F56-85BE-6F19A0D9ABB0}.Release|x86.ActiveCfg = Release|Any CPU
		{B4AF4BAD-0F10-4F56-85BE-6F19A0D9ABB0}.Release|x86.Build.0 = Release|Any CPU
		{9ED78FC9-B778-4942-A250-AABCD628FF84}.Debug|Any CPU.ActiveCfg = Debug|Any CPU
		{9ED78FC9-B778-4942-A250-AABCD628FF84}.Debug|Any CPU.Build.0 = Debug|Any CPU
		{9ED78FC9-B778-4942-A250-AABCD628FF84}.Debug|x64.ActiveCfg = Debug|Any CPU
		{9ED78FC9-B778-4942-A250-AABCD628FF84}.Debug|x64.Build.0 = Debug|Any CPU
		{9ED78FC9-B778-4942-A250-AABCD628FF84}.Debug|x86.ActiveCfg = Debug|Any CPU
		{9ED78FC9-B778-4942-A250-AABCD628FF84}.Debug|x86.Build.0 = Debug|Any CPU
		{9ED78FC9-B778-4942-A250-AABCD628FF84}.Release|Any CPU.ActiveCfg = Release|Any CPU
		{9ED78FC9-B778-4942-A250-AABCD628FF84}.Release|Any CPU.Build.0 = Release|Any CPU
		{9ED78FC9-B778-4942-A250-AABCD628FF84}.Release|x64.ActiveCfg = Release|Any CPU
		{9ED78FC9-B778-4942-A250-AABCD628FF84}.Release|x64.Build.0 = Release|Any CPU
		{9ED78FC9-B778-4942-A250-AABCD628FF84}.Release|x86.ActiveCfg = Release|Any CPU
		{9ED78FC9-B778-4942-A250-AABCD628FF84}.Release|x86.Build.0 = Release|Any CPU
		{888AC877-43D7-4A2F-A1EF-255C3E215CD0}.Debug|Any CPU.ActiveCfg = Debug|Any CPU
		{888AC877-43D7-4A2F-A1EF-255C3E215CD0}.Debug|Any CPU.Build.0 = Debug|Any CPU
		{888AC877-43D7-4A2F-A1EF-255C3E215CD0}.Debug|x64.ActiveCfg = Debug|Any CPU
		{888AC877-43D7-4A2F-A1EF-255C3E215CD0}.Debug|x64.Build.0 = Debug|Any CPU
		{888AC877-43D7-4A2F-A1EF-255C3E215CD0}.Debug|x86.ActiveCfg = Debug|Any CPU
		{888AC877-43D7-4A2F-A1EF-255C3E215CD0}.Debug|x86.Build.0 = Debug|Any CPU
		{888AC877-43D7-4A2F-A1EF-255C3E215CD0}.Release|Any CPU.ActiveCfg = Release|Any CPU
		{888AC877-43D7-4A2F-A1EF-255C3E215CD0}.Release|Any CPU.Build.0 = Release|Any CPU
		{888AC877-43D7-4A2F-A1EF-255C3E215CD0}.Release|x64.ActiveCfg = Release|Any CPU
		{888AC877-43D7-4A2F-A1EF-255C3E215CD0}.Release|x64.Build.0 = Release|Any CPU
		{888AC877-43D7-4A2F-A1EF-255C3E215CD0}.Release|x86.ActiveCfg = Release|Any CPU
		{888AC877-43D7-4A2F-A1EF-255C3E215CD0}.Release|x86.Build.0 = Release|Any CPU
		{BB367A8C-06B0-4F5A-A8A4-A407310A5EDE}.Debug|Any CPU.ActiveCfg = Debug|Any CPU
		{BB367A8C-06B0-4F5A-A8A4-A407310A5EDE}.Debug|Any CPU.Build.0 = Debug|Any CPU
		{BB367A8C-06B0-4F5A-A8A4-A407310A5EDE}.Debug|x64.ActiveCfg = Debug|Any CPU
		{BB367A8C-06B0-4F5A-A8A4-A407310A5EDE}.Debug|x64.Build.0 = Debug|Any CPU
		{BB367A8C-06B0-4F5A-A8A4-A407310A5EDE}.Debug|x86.ActiveCfg = Debug|Any CPU
		{BB367A8C-06B0-4F5A-A8A4-A407310A5EDE}.Debug|x86.Build.0 = Debug|Any CPU
		{BB367A8C-06B0-4F5A-A8A4-A407310A5EDE}.Release|Any CPU.ActiveCfg = Release|Any CPU
		{BB367A8C-06B0-4F5A-A8A4-A407310A5EDE}.Release|Any CPU.Build.0 = Release|Any CPU
		{BB367A8C-06B0-4F5A-A8A4-A407310A5EDE}.Release|x64.ActiveCfg = Release|Any CPU
		{BB367A8C-06B0-4F5A-A8A4-A407310A5EDE}.Release|x64.Build.0 = Release|Any CPU
		{BB367A8C-06B0-4F5A-A8A4-A407310A5EDE}.Release|x86.ActiveCfg = Release|Any CPU
		{BB367A8C-06B0-4F5A-A8A4-A407310A5EDE}.Release|x86.Build.0 = Release|Any CPU
		{9938C04A-99E0-4EB8-A56F-0B4D35C6964C}.Debug|Any CPU.ActiveCfg = Debug|Any CPU
		{9938C04A-99E0-4EB8-A56F-0B4D35C6964C}.Debug|Any CPU.Build.0 = Debug|Any CPU
		{9938C04A-99E0-4EB8-A56F-0B4D35C6964C}.Debug|x64.ActiveCfg = Debug|x64
		{9938C04A-99E0-4EB8-A56F-0B4D35C6964C}.Debug|x64.Build.0 = Debug|x64
		{9938C04A-99E0-4EB8-A56F-0B4D35C6964C}.Debug|x86.ActiveCfg = Debug|x86
		{9938C04A-99E0-4EB8-A56F-0B4D35C6964C}.Debug|x86.Build.0 = Debug|x86
		{9938C04A-99E0-4EB8-A56F-0B4D35C6964C}.Release|Any CPU.ActiveCfg = Release|Any CPU
		{9938C04A-99E0-4EB8-A56F-0B4D35C6964C}.Release|Any CPU.Build.0 = Release|Any CPU
		{9938C04A-99E0-4EB8-A56F-0B4D35C6964C}.Release|x64.ActiveCfg = Release|x64
		{9938C04A-99E0-4EB8-A56F-0B4D35C6964C}.Release|x64.Build.0 = Release|x64
		{9938C04A-99E0-4EB8-A56F-0B4D35C6964C}.Release|x86.ActiveCfg = Release|x86
		{9938C04A-99E0-4EB8-A56F-0B4D35C6964C}.Release|x86.Build.0 = Release|x86
		{A53C3A0E-07A0-4215-AD4B-F64D45EC7457}.Debug|Any CPU.ActiveCfg = Debug|x86
		{A53C3A0E-07A0-4215-AD4B-F64D45EC7457}.Debug|x64.ActiveCfg = Debug|x86
		{A53C3A0E-07A0-4215-AD4B-F64D45EC7457}.Debug|x86.ActiveCfg = Debug|x86
		{A53C3A0E-07A0-4215-AD4B-F64D45EC7457}.Debug|x86.Build.0 = Debug|x86
		{A53C3A0E-07A0-4215-AD4B-F64D45EC7457}.Release|Any CPU.ActiveCfg = Release|x86
		{A53C3A0E-07A0-4215-AD4B-F64D45EC7457}.Release|x64.ActiveCfg = Release|x86
		{A53C3A0E-07A0-4215-AD4B-F64D45EC7457}.Release|x86.ActiveCfg = Release|x86
		{A53C3A0E-07A0-4215-AD4B-F64D45EC7457}.Release|x86.Build.0 = Release|x86
	EndGlobalSection
	GlobalSection(SolutionProperties) = preSolution
		HideSolutionNode = FALSE
	EndGlobalSection
	GlobalSection(ExtensibilityGlobals) = postSolution
		SolutionGuid = {431A4ACA-EDE0-476E-8F3E-1EFC3D148A8B}
	EndGlobalSection
EndGlobal
