
Microsoft Visual Studio Solution File, Format Version 12.00
# Visual Studio Version 16
VisualStudioVersion = 16.0.29306.81
MinimumVisualStudioVersion = 10.0.40219.1
Project("{FAE04EC0-301F-11D3-BF4B-00C04F79EFBC}") = "Blockchain", "Blockchain.csproj", "{9938C04A-99E0-4EB8-A56F-0B4D35C6964C}"
EndProject
Project("{FAE04EC0-301F-11D3-BF4B-00C04F79EFBC}") = "uiCSB", "..\uiCSB\uiCSB.csproj", "{3AA38F95-836E-456B-AC6D-856F88516056}"
EndProject
Global
	GlobalSection(SolutionConfigurationPlatforms) = preSolution
		Debug|Any CPU = Debug|Any CPU
		Release|Any CPU = Release|Any CPU
	EndGlobalSection
	GlobalSection(ProjectConfigurationPlatforms) = postSolution
		{9938C04A-99E0-4EB8-A56F-0B4D35C6964C}.Debug|Any CPU.ActiveCfg = Debug|Any CPU
		{9938C04A-99E0-4EB8-A56F-0B4D35C6964C}.Debug|Any CPU.Build.0 = Debug|Any CPU
		{9938C04A-99E0-4EB8-A56F-0B4D35C6964C}.Release|Any CPU.ActiveCfg = Release|Any CPU
		{9938C04A-99E0-4EB8-A56F-0B4D35C6964C}.Release|Any CPU.Build.0 = Release|Any CPU
		{3AA38F95-836E-456B-AC6D-856F88516056}.Debug|Any CPU.ActiveCfg = Debug|Any CPU
		{3AA38F95-836E-456B-AC6D-856F88516056}.Debug|Any CPU.Build.0 = Debug|Any CPU
		{3AA38F95-836E-456B-AC6D-856F88516056}.Release|Any CPU.ActiveCfg = Release|Any CPU
		{3AA38F95-836E-456B-AC6D-856F88516056}.Release|Any CPU.Build.0 = Release|Any CPU
	EndGlobalSection
	GlobalSection(SolutionProperties) = preSolution
		HideSolutionNode = FALSE
	EndGlobalSection
	GlobalSection(ExtensibilityGlobals) = postSolution
		SolutionGuid = {431A4ACA-EDE0-476E-8F3E-1EFC3D148A8B}
	EndGlobalSection
EndGlobal
